
Microsoft Visual Studio Solution File, Format Version 12.00
# Visual Studio Version 16
VisualStudioVersion = 16.0.28803.452
MinimumVisualStudioVersion = 10.0.40219.1
Project("{FAE04EC0-301F-11D3-BF4B-00C04F79EFBC}") = "EntityFrameworkMigrationsSample.Client", "EntityFrameworkMigrationsSample.Client\EntityFrameworkMigrationsSample.Client.csproj", "{80795E87-810D-4C47-8E48-71C61EE1EA13}"
EndProject
Project("{FAE04EC0-301F-11D3-BF4B-00C04F79EFBC}") = "EntityFrameworkMigrationsSample.Domain", "EntityFrameworkMigrationsSample.Domain\EntityFrameworkMigrationsSample.Domain.csproj", "{8CC57011-ED88-45F2-9DB5-FF628C244C99}"
EndProject
Project("{FAE04EC0-301F-11D3-BF4B-00C04F79EFBC}") = "EntityFrameworkMigrationsSample.Persistence", "EntityFrameworkMigrationsSample.Persistence\EntityFrameworkMigrationsSample.Persistence.csproj", "{4E7B7223-A27F-431C-B750-9406398843E1}"
EndProject
Global
	GlobalSection(SolutionConfigurationPlatforms) = preSolution
		Debug|Any CPU = Debug|Any CPU
		Release|Any CPU = Release|Any CPU
	EndGlobalSection
	GlobalSection(ProjectConfigurationPlatforms) = postSolution
		{80795E87-810D-4C47-8E48-71C61EE1EA13}.Debug|Any CPU.ActiveCfg = Debug|Any CPU
		{80795E87-810D-4C47-8E48-71C61EE1EA13}.Debug|Any CPU.Build.0 = Debug|Any CPU
		{80795E87-810D-4C47-8E48-71C61EE1EA13}.Release|Any CPU.ActiveCfg = Release|Any CPU
		{80795E87-810D-4C47-8E48-71C61EE1EA13}.Release|Any CPU.Build.0 = Release|Any CPU
		{8CC57011-ED88-45F2-9DB5-FF628C244C99}.Debug|Any CPU.ActiveCfg = Debug|Any CPU
		{8CC57011-ED88-45F2-9DB5-FF628C244C99}.Debug|Any CPU.Build.0 = Debug|Any CPU
		{8CC57011-ED88-45F2-9DB5-FF628C244C99}.Release|Any CPU.ActiveCfg = Release|Any CPU
		{8CC57011-ED88-45F2-9DB5-FF628C244C99}.Release|Any CPU.Build.0 = Release|Any CPU
		{4E7B7223-A27F-431C-B750-9406398843E1}.Debug|Any CPU.ActiveCfg = Debug|Any CPU
		{4E7B7223-A27F-431C-B750-9406398843E1}.Debug|Any CPU.Build.0 = Debug|Any CPU
		{4E7B7223-A27F-431C-B750-9406398843E1}.Release|Any CPU.ActiveCfg = Release|Any CPU
		{4E7B7223-A27F-431C-B750-9406398843E1}.Release|Any CPU.Build.0 = Release|Any CPU
	EndGlobalSection
	GlobalSection(SolutionProperties) = preSolution
		HideSolutionNode = FALSE
	EndGlobalSection
	GlobalSection(ExtensibilityGlobals) = postSolution
		SolutionGuid = {AA0E1830-0B95-47BE-A155-AB18F1C99743}
	EndGlobalSection
EndGlobal
